// !$*UTF8*$!
{
	archiveVersion = 1;
	classes = {
	};
	objectVersion = 46;
	objects = {

/* Begin PBXBuildFile section */
		4112762515439512008ED4AF /* FriendsTableViewController.m in Sources */ = {isa = PBXBuildFile; fileRef = 4112762415439511008ED4AF /* FriendsTableViewController.m */; };
		41263F8C154130E6006DD5D6 /* QuartzCore.framework in Frameworks */ = {isa = PBXBuildFile; fileRef = 41263F8B154130E6006DD5D6 /* QuartzCore.framework */; };
		41263F8F154131B1006DD5D6 /* EventsNight.m in Sources */ = {isa = PBXBuildFile; fileRef = 41263F8E154131B1006DD5D6 /* EventsNight.m */; };
		41263F92154137B6006DD5D6 /* Club.m in Sources */ = {isa = PBXBuildFile; fileRef = 41263F91154137B6006DD5D6 /* Club.m */; };
		41263F941541389D006DD5D6 /* Club+Create.m in Sources */ = {isa = PBXBuildFile; fileRef = 41263F931541389D006DD5D6 /* Club+Create.m */; };
		41263FA91543378A006DD5D6 /* FBDialog.bundle in Resources */ = {isa = PBXBuildFile; fileRef = 41263F9C1543378A006DD5D6 /* FBDialog.bundle */; };
		41263FAA1543378A006DD5D6 /* libfacebook_ios_sdk.a in Frameworks */ = {isa = PBXBuildFile; fileRef = 41263FA21543378A006DD5D6 /* libfacebook_ios_sdk.a */; };
		41386595152D15EB007A2327 /* LoginViewController.xib in Resources */ = {isa = PBXBuildFile; fileRef = 41386593152D15EB007A2327 /* LoginViewController.xib */; };
		415C30381553527A005FB5D7 /* SeeFriendsAttendingTableViewController.m in Sources */ = {isa = PBXBuildFile; fileRef = 415C30371553527A005FB5D7 /* SeeFriendsAttendingTableViewController.m */; };
		415C303B1553565B005FB5D7 /* star_gray.png in Resources */ = {isa = PBXBuildFile; fileRef = 415C30391553565A005FB5D7 /* star_gray.png */; };
		415C303C1553565B005FB5D7 /* star_orange.png in Resources */ = {isa = PBXBuildFile; fileRef = 415C303A1553565A005FB5D7 /* star_orange.png */; };
		4163B6F0153E572E00D7B2DC /* fconnect.png in Resources */ = {isa = PBXBuildFile; fileRef = 4163B6EF153E572E00D7B2DC /* fconnect.png */; };
		4163B6F7153F4AB700D7B2DC /* Event.m in Sources */ = {isa = PBXBuildFile; fileRef = 4163B6F6153F4AB700D7B2DC /* Event.m */; };
		4163B6FB153F4AB700D7B2DC /* User.m in Sources */ = {isa = PBXBuildFile; fileRef = 4163B6FA153F4AB700D7B2DC /* User.m */; };
		4185BB6E1541297B001E85E3 /* AnimatedUIPickerView.m in Sources */ = {isa = PBXBuildFile; fileRef = 9D34B7761524F0BD00DB6C13 /* AnimatedUIPickerView.m */; };
		419D3797154AD59E00447D2B /* EventsAttendingTableViewController.m in Sources */ = {isa = PBXBuildFile; fileRef = 419D3796154AD59E00447D2B /* EventsAttendingTableViewController.m */; };
		5B227E4B153673F200B5DD52 /* MessageTableViewCell.m in Sources */ = {isa = PBXBuildFile; fileRef = 5B227E4A153673F200B5DD52 /* MessageTableViewCell.m */; };
		5B227E4F15367D5200B5DD52 /* aqua.png in Resources */ = {isa = PBXBuildFile; fileRef = 5B227E4D15367D5200B5DD52 /* aqua.png */; };
		5B227E5015367D5200B5DD52 /* orange.png in Resources */ = {isa = PBXBuildFile; fileRef = 5B227E4E15367D5200B5DD52 /* orange.png */; };
		5B2CD5ED153F2C4E00EE3E9A /* Event+Create.m in Sources */ = {isa = PBXBuildFile; fileRef = 5BF9EE41153CBA3F00E53F6E /* Event+Create.m */; };
		5B3DEB2D154AA52A0023C651 /* LoginViewController.m in Sources */ = {isa = PBXBuildFile; fileRef = 5B3DEB2C154AA52A0023C651 /* LoginViewController.m */; };
		5B608A5A154A602D00BDCA28 /* ServerCommunication.m in Sources */ = {isa = PBXBuildFile; fileRef = 5B608A59154A602D00BDCA28 /* ServerCommunication.m */; };
		5B63654615338AB700845082 /* README in Resources */ = {isa = PBXBuildFile; fileRef = 5B63654515338AB700845082 /* README */; };
		5B6E6FA415451DC600BB3AA2 /* EventsViewController.m in Sources */ = {isa = PBXBuildFile; fileRef = 5B6E6FA315451DC600BB3AA2 /* EventsViewController.m */; };
		5BA1F60F15112DA7002CA7F3 /* UIKit.framework in Frameworks */ = {isa = PBXBuildFile; fileRef = 5BA1F60E15112DA7002CA7F3 /* UIKit.framework */; };
		5BA1F61115112DA7002CA7F3 /* Foundation.framework in Frameworks */ = {isa = PBXBuildFile; fileRef = 5BA1F61015112DA7002CA7F3 /* Foundation.framework */; };
		5BA1F61315112DA7002CA7F3 /* CoreGraphics.framework in Frameworks */ = {isa = PBXBuildFile; fileRef = 5BA1F61215112DA7002CA7F3 /* CoreGraphics.framework */; };
		5BA1F61F15112DA7002CA7F3 /* AppDelegate.m in Sources */ = {isa = PBXBuildFile; fileRef = 5BA1F61E15112DA7002CA7F3 /* AppDelegate.m */; };
		5BC0D9F3153BF379004D560A /* CoreData.framework in Frameworks */ = {isa = PBXBuildFile; fileRef = 5BC0D9F2153BF379004D560A /* CoreData.framework */; };
		5BC710CB1545E70300A7659F /* iStreet.xcdatamodeld in Sources */ = {isa = PBXBuildFile; fileRef = 5BC710C91545E70300A7659F /* iStreet.xcdatamodeld */; };
		5BCE63AB15165A1F008E6C1F /* ChatViewController.m in Sources */ = {isa = PBXBuildFile; fileRef = 5BCE63AA15165A1F008E6C1F /* ChatViewController.m */; };
		5BCE63AE15165D83008E6C1F /* ClubsViewController.m in Sources */ = {isa = PBXBuildFile; fileRef = 5BCE63AD15165D83008E6C1F /* ClubsViewController.m */; };
		5BE7E2B1153A5E54008EFCA0 /* Placeholder.png in Resources */ = {isa = PBXBuildFile; fileRef = 5BE7E2B0153A5E54008EFCA0 /* Placeholder.png */; };
		5BFB44FC153382E800960C81 /* main.m in Sources */ = {isa = PBXBuildFile; fileRef = 5BFB44F8153382E800960C81 /* main.m */; };
		5BFB4510153386F500960C81 /* InfoPlist.strings in Resources */ = {isa = PBXBuildFile; fileRef = 5BFB450C153386F500960C81 /* InfoPlist.strings */; };
		5BFB4511153386F500960C81 /* MainStoryboard_iPhone.storyboard in Resources */ = {isa = PBXBuildFile; fileRef = 5BFB450E153386F500960C81 /* MainStoryboard_iPhone.storyboard */; };
		9D197B69153B51B800604080 /* EventCell.m in Sources */ = {isa = PBXBuildFile; fileRef = 9D197B61153B51B800604080 /* EventCell.m */; };
		9D197B6B153B51B800604080 /* IconDownloader.m in Sources */ = {isa = PBXBuildFile; fileRef = 9D197B65153B51B800604080 /* IconDownloader.m */; };
		9D208D7815409335004515E9 /* FriendsViewController.m in Sources */ = {isa = PBXBuildFile; fileRef = 4163B6ED153E563C00D7B2DC /* FriendsViewController.m */; };
		9D293368154ECAE400B3F8A9 /* iStreet final icon 57x57.png in Resources */ = {isa = PBXBuildFile; fileRef = 9D293367154ECAE400B3F8A9 /* iStreet final icon 57x57.png */; };
		9D29336C154ECB5700B3F8A9 /* iStreet final icon 114x114.png in Resources */ = {isa = PBXBuildFile; fileRef = 9D29336B154ECB5700B3F8A9 /* iStreet final icon 114x114.png */; };
		9D293370154ECC0E00B3F8A9 /* Default.png in Resources */ = {isa = PBXBuildFile; fileRef = 9D29336F154ECC0E00B3F8A9 /* Default.png */; };
		9D464B191537482600468729 /* grey.png in Resources */ = {isa = PBXBuildFile; fileRef = 9D464B171537482600468729 /* grey.png */; };
		9D464B1A1537482600468729 /* light_orange.png in Resources */ = {isa = PBXBuildFile; fileRef = 9D464B181537482600468729 /* light_orange.png */; };
		9D464B211537631C00468729 /* Princeton Crest 3.png in Resources */ = {isa = PBXBuildFile; fileRef = 9D464B201537631C00468729 /* Princeton Crest 3.png */; };
		9D4ED4A315338DA700680D1D /* ClubEventsViewController.m in Sources */ = {isa = PBXBuildFile; fileRef = 9D4ED4A215338DA700680D1D /* ClubEventsViewController.m */; };
		9DA1BF0B153A08DE005CCC13 /* EventDetailsViewController.m in Sources */ = {isa = PBXBuildFile; fileRef = 9DA1BF0A153A08DE005CCC13 /* EventDetailsViewController.m */; };
		9DA5B1FC15362AFC00F2FC68 /* Message.m in Sources */ = {isa = PBXBuildFile; fileRef = 9DA5B1FB15362AFC00F2FC68 /* Message.m */; };
		9DB903CA151BC6A900A13461 /* Charter.png in Resources */ = {isa = PBXBuildFile; fileRef = 9DB903BF151BC6A900A13461 /* Charter.png */; };
		9DB903CB151BC6A900A13461 /* Cannon.png in Resources */ = {isa = PBXBuildFile; fileRef = 9DB903C0151BC6A900A13461 /* Cannon.png */; };
		9DB903CC151BC6A900A13461 /* Cap and Gown.png in Resources */ = {isa = PBXBuildFile; fileRef = 9DB903C1151BC6A900A13461 /* Cap and Gown.png */; };
		9DB903CD151BC6A900A13461 /* Cloister.png in Resources */ = {isa = PBXBuildFile; fileRef = 9DB903C2151BC6A900A13461 /* Cloister.png */; };
		9DB903CE151BC6A900A13461 /* Colonial.png in Resources */ = {isa = PBXBuildFile; fileRef = 9DB903C3151BC6A900A13461 /* Colonial.png */; };
		9DB903CF151BC6A900A13461 /* Cottage.png in Resources */ = {isa = PBXBuildFile; fileRef = 9DB903C4151BC6A900A13461 /* Cottage.png */; };
		9DB903D0151BC6A900A13461 /* Ivy.png in Resources */ = {isa = PBXBuildFile; fileRef = 9DB903C5151BC6A900A13461 /* Ivy.png */; };
		9DB903D1151BC6A900A13461 /* Quadrangle.png in Resources */ = {isa = PBXBuildFile; fileRef = 9DB903C6151BC6A900A13461 /* Quadrangle.png */; };
		9DB903D2151BC6A900A13461 /* Tiger Inn.png in Resources */ = {isa = PBXBuildFile; fileRef = 9DB903C7151BC6A900A13461 /* Tiger Inn.png */; };
		9DB903D3151BC6A900A13461 /* Terrace.png in Resources */ = {isa = PBXBuildFile; fileRef = 9DB903C8151BC6A900A13461 /* Terrace.png */; };
		9DB903D4151BC6A900A13461 /* Tower.png in Resources */ = {isa = PBXBuildFile; fileRef = 9DB903C9151BC6A900A13461 /* Tower.png */; };
		9DC2F352151E3D9B0028F911 /* Princeton Crest 2.png in Resources */ = {isa = PBXBuildFile; fileRef = 9DC2F351151E3D9B0028F911 /* Princeton Crest 2.png */; };
		9DC2F35C151E52EB0028F911 /* Friend icon.png in Resources */ = {isa = PBXBuildFile; fileRef = 9DC2F359151E52EB0028F911 /* Friend icon.png */; };
		9DC2F35D151E52EB0028F911 /* List icon.png in Resources */ = {isa = PBXBuildFile; fileRef = 9DC2F35A151E52EB0028F911 /* List icon.png */; };
		9DC2F35F151E57CB0028F911 /* List icon 2.png in Resources */ = {isa = PBXBuildFile; fileRef = 9DC2F35E151E57CB0028F911 /* List icon 2.png */; };
		9DC2F365151E5AC60028F911 /* Chat icon 3.png in Resources */ = {isa = PBXBuildFile; fileRef = 9DC2F364151E5AC60028F911 /* Chat icon 3.png */; };
		9DC2F369151E5D130028F911 /* Events icon 4.png in Resources */ = {isa = PBXBuildFile; fileRef = 9DC2F368151E5D130028F911 /* Events icon 4.png */; };
		9DC2F36B151E5D630028F911 /* Home icon.png in Resources */ = {isa = PBXBuildFile; fileRef = 9DC2F36A151E5D630028F911 /* Home icon.png */; };
/* End PBXBuildFile section */

/* Begin PBXFileReference section */
		4112762315439511008ED4AF /* FriendsTableViewController.h */ = {isa = PBXFileReference; fileEncoding = 4; lastKnownFileType = sourcecode.c.h; path = FriendsTableViewController.h; sourceTree = "<group>"; };
		4112762415439511008ED4AF /* FriendsTableViewController.m */ = {isa = PBXFileReference; fileEncoding = 4; lastKnownFileType = sourcecode.c.objc; path = FriendsTableViewController.m; sourceTree = "<group>"; };
		41263F8B154130E6006DD5D6 /* QuartzCore.framework */ = {isa = PBXFileReference; lastKnownFileType = wrapper.framework; name = QuartzCore.framework; path = System/Library/Frameworks/QuartzCore.framework; sourceTree = SDKROOT; };
		41263F8D154131B1006DD5D6 /* EventsNight.h */ = {isa = PBXFileReference; fileEncoding = 4; lastKnownFileType = sourcecode.c.h; path = EventsNight.h; sourceTree = "<group>"; };
		41263F8E154131B1006DD5D6 /* EventsNight.m */ = {isa = PBXFileReference; fileEncoding = 4; lastKnownFileType = sourcecode.c.objc; path = EventsNight.m; sourceTree = "<group>"; };
		41263F90154137B6006DD5D6 /* Club.h */ = {isa = PBXFileReference; fileEncoding = 4; lastKnownFileType = sourcecode.c.h; path = Club.h; sourceTree = "<group>"; };
		41263F91154137B6006DD5D6 /* Club.m */ = {isa = PBXFileReference; fileEncoding = 4; lastKnownFileType = sourcecode.c.objc; path = Club.m; sourceTree = "<group>"; };
		41263F931541389D006DD5D6 /* Club+Create.m */ = {isa = PBXFileReference; lastKnownFileType = sourcecode.c.objc; path = "Club+Create.m"; sourceTree = "<group>"; };
		41263F9A1543378A006DD5D6 /* Facebook.h */ = {isa = PBXFileReference; fileEncoding = 4; lastKnownFileType = sourcecode.c.h; path = Facebook.h; sourceTree = "<group>"; };
		41263F9B1543378A006DD5D6 /* FBConnect.h */ = {isa = PBXFileReference; fileEncoding = 4; lastKnownFileType = sourcecode.c.h; path = FBConnect.h; sourceTree = "<group>"; };
		41263F9C1543378A006DD5D6 /* FBDialog.bundle */ = {isa = PBXFileReference; lastKnownFileType = "wrapper.plug-in"; path = FBDialog.bundle; sourceTree = "<group>"; };
		41263F9D1543378A006DD5D6 /* FBDialog.h */ = {isa = PBXFileReference; fileEncoding = 4; lastKnownFileType = sourcecode.c.h; path = FBDialog.h; sourceTree = "<group>"; };
		41263F9E1543378A006DD5D6 /* FBFrictionlessRequestSettings.h */ = {isa = PBXFileReference; fileEncoding = 4; lastKnownFileType = sourcecode.c.h; path = FBFrictionlessRequestSettings.h; sourceTree = "<group>"; };
		41263F9F1543378A006DD5D6 /* FBLoginDialog.h */ = {isa = PBXFileReference; fileEncoding = 4; lastKnownFileType = sourcecode.c.h; path = FBLoginDialog.h; sourceTree = "<group>"; };
		41263FA01543378A006DD5D6 /* FBRequest.h */ = {isa = PBXFileReference; fileEncoding = 4; lastKnownFileType = sourcecode.c.h; path = FBRequest.h; sourceTree = "<group>"; };
		41263FA11543378A006DD5D6 /* JSON.h */ = {isa = PBXFileReference; fileEncoding = 4; lastKnownFileType = sourcecode.c.h; path = JSON.h; sourceTree = "<group>"; };
		41263FA21543378A006DD5D6 /* libfacebook_ios_sdk.a */ = {isa = PBXFileReference; lastKnownFileType = archive.ar; path = libfacebook_ios_sdk.a; sourceTree = "<group>"; };
		41263FA31543378A006DD5D6 /* NSObject+SBJSON.h */ = {isa = PBXFileReference; fileEncoding = 4; lastKnownFileType = sourcecode.c.h; path = "NSObject+SBJSON.h"; sourceTree = "<group>"; };
		41263FA41543378A006DD5D6 /* NSString+SBJSON.h */ = {isa = PBXFileReference; fileEncoding = 4; lastKnownFileType = sourcecode.c.h; path = "NSString+SBJSON.h"; sourceTree = "<group>"; };
		41263FA51543378A006DD5D6 /* SBJSON.h */ = {isa = PBXFileReference; fileEncoding = 4; lastKnownFileType = sourcecode.c.h; path = SBJSON.h; sourceTree = "<group>"; };
		41263FA61543378A006DD5D6 /* SBJsonBase.h */ = {isa = PBXFileReference; fileEncoding = 4; lastKnownFileType = sourcecode.c.h; path = SBJsonBase.h; sourceTree = "<group>"; };
		41263FA71543378A006DD5D6 /* SBJsonParser.h */ = {isa = PBXFileReference; fileEncoding = 4; lastKnownFileType = sourcecode.c.h; path = SBJsonParser.h; sourceTree = "<group>"; };
		41263FA81543378A006DD5D6 /* SBJsonWriter.h */ = {isa = PBXFileReference; fileEncoding = 4; lastKnownFileType = sourcecode.c.h; path = SBJsonWriter.h; sourceTree = "<group>"; };
		41386593152D15EB007A2327 /* LoginViewController.xib */ = {isa = PBXFileReference; fileEncoding = 4; lastKnownFileType = file.xib; path = LoginViewController.xib; sourceTree = "<group>"; };
		4158565B154517C1002BCE7D /* EventsViewController.h */ = {isa = PBXFileReference; fileEncoding = 4; lastKnownFileType = sourcecode.c.h; path = EventsViewController.h; sourceTree = "<group>"; };
		415C30361553527A005FB5D7 /* SeeFriendsAttendingTableViewController.h */ = {isa = PBXFileReference; fileEncoding = 4; lastKnownFileType = sourcecode.c.h; path = SeeFriendsAttendingTableViewController.h; sourceTree = "<group>"; };
		415C30371553527A005FB5D7 /* SeeFriendsAttendingTableViewController.m */ = {isa = PBXFileReference; fileEncoding = 4; lastKnownFileType = sourcecode.c.objc; path = SeeFriendsAttendingTableViewController.m; sourceTree = "<group>"; };
		415C30391553565A005FB5D7 /* star_gray.png */ = {isa = PBXFileReference; lastKnownFileType = image.png; path = star_gray.png; sourceTree = "<group>"; };
		415C303A1553565A005FB5D7 /* star_orange.png */ = {isa = PBXFileReference; lastKnownFileType = image.png; path = star_orange.png; sourceTree = "<group>"; };
		4163B6EC153E563C00D7B2DC /* FriendsViewController.h */ = {isa = PBXFileReference; fileEncoding = 4; lastKnownFileType = sourcecode.c.h; path = FriendsViewController.h; sourceTree = "<group>"; };
		4163B6ED153E563C00D7B2DC /* FriendsViewController.m */ = {isa = PBXFileReference; fileEncoding = 4; lastKnownFileType = sourcecode.c.objc; path = FriendsViewController.m; sourceTree = "<group>"; };
		4163B6EF153E572E00D7B2DC /* fconnect.png */ = {isa = PBXFileReference; lastKnownFileType = image.png; path = fconnect.png; sourceTree = "<group>"; };
		4163B6F5153F4AB700D7B2DC /* Event.h */ = {isa = PBXFileReference; fileEncoding = 4; lastKnownFileType = sourcecode.c.h; path = Event.h; sourceTree = "<group>"; };
		4163B6F6153F4AB700D7B2DC /* Event.m */ = {isa = PBXFileReference; fileEncoding = 4; lastKnownFileType = sourcecode.c.objc; path = Event.m; sourceTree = "<group>"; };
		4163B6F9153F4AB700D7B2DC /* User.h */ = {isa = PBXFileReference; fileEncoding = 4; lastKnownFileType = sourcecode.c.h; path = User.h; sourceTree = "<group>"; };
		4163B6FA153F4AB700D7B2DC /* User.m */ = {isa = PBXFileReference; fileEncoding = 4; lastKnownFileType = sourcecode.c.objc; path = User.m; sourceTree = "<group>"; };
		419D3795154AD59E00447D2B /* EventsAttendingTableViewController.h */ = {isa = PBXFileReference; fileEncoding = 4; lastKnownFileType = sourcecode.c.h; path = EventsAttendingTableViewController.h; sourceTree = "<group>"; };
		419D3796154AD59E00447D2B /* EventsAttendingTableViewController.m */ = {isa = PBXFileReference; fileEncoding = 4; lastKnownFileType = sourcecode.c.objc; path = EventsAttendingTableViewController.m; sourceTree = "<group>"; };
		5B227E49153673F200B5DD52 /* MessageTableViewCell.h */ = {isa = PBXFileReference; fileEncoding = 4; lastKnownFileType = sourcecode.c.h; path = MessageTableViewCell.h; sourceTree = "<group>"; };
		5B227E4A153673F200B5DD52 /* MessageTableViewCell.m */ = {isa = PBXFileReference; fileEncoding = 4; lastKnownFileType = sourcecode.c.objc; path = MessageTableViewCell.m; sourceTree = "<group>"; };
		5B227E4D15367D5200B5DD52 /* aqua.png */ = {isa = PBXFileReference; lastKnownFileType = image.png; path = aqua.png; sourceTree = "<group>"; };
		5B227E4E15367D5200B5DD52 /* orange.png */ = {isa = PBXFileReference; lastKnownFileType = image.png; path = orange.png; sourceTree = "<group>"; };
		5B3DEB2B154AA52A0023C651 /* LoginViewController.h */ = {isa = PBXFileReference; fileEncoding = 4; lastKnownFileType = sourcecode.c.h; path = LoginViewController.h; sourceTree = "<group>"; };
		5B3DEB2C154AA52A0023C651 /* LoginViewController.m */ = {isa = PBXFileReference; fileEncoding = 4; lastKnownFileType = sourcecode.c.objc; path = LoginViewController.m; sourceTree = "<group>"; };
		5B5B40B71544837D006426CF /* Club+Create.h */ = {isa = PBXFileReference; fileEncoding = 4; lastKnownFileType = sourcecode.c.h; path = "Club+Create.h"; sourceTree = "<group>"; };
		5B608A58154A602D00BDCA28 /* ServerCommunication.h */ = {isa = PBXFileReference; fileEncoding = 4; lastKnownFileType = sourcecode.c.h; path = ServerCommunication.h; sourceTree = "<group>"; };
		5B608A59154A602D00BDCA28 /* ServerCommunication.m */ = {isa = PBXFileReference; fileEncoding = 4; lastKnownFileType = sourcecode.c.objc; path = ServerCommunication.m; sourceTree = "<group>"; };
		5B63654515338AB700845082 /* README */ = {isa = PBXFileReference; fileEncoding = 4; lastKnownFileType = text; path = README; sourceTree = "<group>"; };
		5B6E6FA315451DC600BB3AA2 /* EventsViewController.m */ = {isa = PBXFileReference; fileEncoding = 4; lastKnownFileType = sourcecode.c.objc; path = EventsViewController.m; sourceTree = "<group>"; };
		5BA1F60A15112DA7002CA7F3 /* iStreet.app */ = {isa = PBXFileReference; explicitFileType = wrapper.application; includeInIndex = 0; path = iStreet.app; sourceTree = BUILT_PRODUCTS_DIR; };
		5BA1F60E15112DA7002CA7F3 /* UIKit.framework */ = {isa = PBXFileReference; lastKnownFileType = wrapper.framework; name = UIKit.framework; path = System/Library/Frameworks/UIKit.framework; sourceTree = SDKROOT; };
		5BA1F61015112DA7002CA7F3 /* Foundation.framework */ = {isa = PBXFileReference; lastKnownFileType = wrapper.framework; name = Foundation.framework; path = System/Library/Frameworks/Foundation.framework; sourceTree = SDKROOT; };
		5BA1F61215112DA7002CA7F3 /* CoreGraphics.framework */ = {isa = PBXFileReference; lastKnownFileType = wrapper.framework; name = CoreGraphics.framework; path = System/Library/Frameworks/CoreGraphics.framework; sourceTree = SDKROOT; };
		5BA1F61615112DA7002CA7F3 /* iStreet-Info.plist */ = {isa = PBXFileReference; lastKnownFileType = text.plist.xml; path = "iStreet-Info.plist"; sourceTree = "<group>"; };
		5BA1F61C15112DA7002CA7F3 /* iStreet-Prefix.pch */ = {isa = PBXFileReference; lastKnownFileType = sourcecode.c.h; path = "iStreet-Prefix.pch"; sourceTree = "<group>"; };
		5BA1F61D15112DA7002CA7F3 /* AppDelegate.h */ = {isa = PBXFileReference; lastKnownFileType = sourcecode.c.h; path = AppDelegate.h; sourceTree = "<group>"; };
		5BA1F61E15112DA7002CA7F3 /* AppDelegate.m */ = {isa = PBXFileReference; lastKnownFileType = sourcecode.c.objc; path = AppDelegate.m; sourceTree = "<group>"; };
		5BC0D9F2153BF379004D560A /* CoreData.framework */ = {isa = PBXFileReference; lastKnownFileType = wrapper.framework; name = CoreData.framework; path = System/Library/Frameworks/CoreData.framework; sourceTree = SDKROOT; };
		5BC710CA1545E70300A7659F /* iStreet.xcdatamodel */ = {isa = PBXFileReference; lastKnownFileType = wrapper.xcdatamodel; path = iStreet.xcdatamodel; sourceTree = "<group>"; };
		5BCE63A915165A1F008E6C1F /* ChatViewController.h */ = {isa = PBXFileReference; fileEncoding = 4; lastKnownFileType = sourcecode.c.h; path = ChatViewController.h; sourceTree = "<group>"; };
		5BCE63AA15165A1F008E6C1F /* ChatViewController.m */ = {isa = PBXFileReference; fileEncoding = 4; lastKnownFileType = sourcecode.c.objc; path = ChatViewController.m; sourceTree = "<group>"; };
		5BCE63AC15165D83008E6C1F /* ClubsViewController.h */ = {isa = PBXFileReference; fileEncoding = 4; lastKnownFileType = sourcecode.c.h; path = ClubsViewController.h; sourceTree = "<group>"; };
		5BCE63AD15165D83008E6C1F /* ClubsViewController.m */ = {isa = PBXFileReference; fileEncoding = 4; lastKnownFileType = sourcecode.c.objc; path = ClubsViewController.m; sourceTree = "<group>"; };
		5BE7E2B0153A5E54008EFCA0 /* Placeholder.png */ = {isa = PBXFileReference; lastKnownFileType = image.png; path = Placeholder.png; sourceTree = "<group>"; };
		5BF9EE40153CBA3F00E53F6E /* Event+Create.h */ = {isa = PBXFileReference; fileEncoding = 4; lastKnownFileType = sourcecode.c.h; path = "Event+Create.h"; sourceTree = "<group>"; };
		5BF9EE41153CBA3F00E53F6E /* Event+Create.m */ = {isa = PBXFileReference; fileEncoding = 4; lastKnownFileType = sourcecode.c.objc; path = "Event+Create.m"; sourceTree = "<group>"; };
		5BFB44F8153382E800960C81 /* main.m */ = {isa = PBXFileReference; fileEncoding = 4; lastKnownFileType = sourcecode.c.objc; path = main.m; sourceTree = "<group>"; };
		5BFB450D153386F500960C81 /* en */ = {isa = PBXFileReference; lastKnownFileType = text.plist.strings; name = en; path = en.lproj/InfoPlist.strings; sourceTree = "<group>"; };
		5BFB450F153386F500960C81 /* en */ = {isa = PBXFileReference; lastKnownFileType = file.storyboard; name = en; path = en.lproj/MainStoryboard_iPhone.storyboard; sourceTree = "<group>"; };
		9D197B60153B51B800604080 /* EventCell.h */ = {isa = PBXFileReference; fileEncoding = 4; lastKnownFileType = sourcecode.c.h; path = EventCell.h; sourceTree = "<group>"; };
		9D197B61153B51B800604080 /* EventCell.m */ = {isa = PBXFileReference; fileEncoding = 4; lastKnownFileType = sourcecode.c.objc; path = EventCell.m; sourceTree = "<group>"; };
		9D197B64153B51B800604080 /* IconDownloader.h */ = {isa = PBXFileReference; fileEncoding = 4; lastKnownFileType = sourcecode.c.h; path = IconDownloader.h; sourceTree = "<group>"; };
		9D197B65153B51B800604080 /* IconDownloader.m */ = {isa = PBXFileReference; fileEncoding = 4; lastKnownFileType = sourcecode.c.objc; path = IconDownloader.m; sourceTree = "<group>"; };
		9D293367154ECAE400B3F8A9 /* iStreet final icon 57x57.png */ = {isa = PBXFileReference; lastKnownFileType = image.png; path = "iStreet final icon 57x57.png"; sourceTree = "<group>"; };
		9D29336B154ECB5700B3F8A9 /* iStreet final icon 114x114.png */ = {isa = PBXFileReference; lastKnownFileType = image.png; path = "iStreet final icon 114x114.png"; sourceTree = "<group>"; };
		9D29336F154ECC0E00B3F8A9 /* Default.png */ = {isa = PBXFileReference; lastKnownFileType = image.png; path = Default.png; sourceTree = "<group>"; };
		9D34B76F1524D55600DB6C13 /* Settings icon.png */ = {isa = PBXFileReference; lastKnownFileType = image.png; path = "Settings icon.png"; sourceTree = "<group>"; };
		9D34B7731524D5D000DB6C13 /* calendar.png */ = {isa = PBXFileReference; lastKnownFileType = image.png; path = calendar.png; sourceTree = "<group>"; };
		9D34B7751524F0BD00DB6C13 /* AnimatedUIPickerView.h */ = {isa = PBXFileReference; fileEncoding = 4; lastKnownFileType = sourcecode.c.h; path = AnimatedUIPickerView.h; sourceTree = "<group>"; };
		9D34B7761524F0BD00DB6C13 /* AnimatedUIPickerView.m */ = {isa = PBXFileReference; fileEncoding = 4; lastKnownFileType = sourcecode.c.objc; path = AnimatedUIPickerView.m; sourceTree = "<group>"; };
		9D464B171537482600468729 /* grey.png */ = {isa = PBXFileReference; lastKnownFileType = image.png; path = grey.png; sourceTree = "<group>"; };
		9D464B181537482600468729 /* light_orange.png */ = {isa = PBXFileReference; lastKnownFileType = image.png; path = light_orange.png; sourceTree = "<group>"; };
		9D464B201537631C00468729 /* Princeton Crest 3.png */ = {isa = PBXFileReference; lastKnownFileType = image.png; path = "Princeton Crest 3.png"; sourceTree = "<group>"; };
		9D4ED4A115338DA700680D1D /* ClubEventsViewController.h */ = {isa = PBXFileReference; fileEncoding = 4; lastKnownFileType = sourcecode.c.h; path = ClubEventsViewController.h; sourceTree = "<group>"; };
		9D4ED4A215338DA700680D1D /* ClubEventsViewController.m */ = {isa = PBXFileReference; fileEncoding = 4; lastKnownFileType = sourcecode.c.objc; path = ClubEventsViewController.m; sourceTree = "<group>"; };
		9DA1BF09153A08DE005CCC13 /* EventDetailsViewController.h */ = {isa = PBXFileReference; fileEncoding = 4; lastKnownFileType = sourcecode.c.h; path = EventDetailsViewController.h; sourceTree = "<group>"; };
		9DA1BF0A153A08DE005CCC13 /* EventDetailsViewController.m */ = {isa = PBXFileReference; fileEncoding = 4; lastKnownFileType = sourcecode.c.objc; path = EventDetailsViewController.m; sourceTree = "<group>"; };
		9DA5B1FA15362AFC00F2FC68 /* Message.h */ = {isa = PBXFileReference; fileEncoding = 4; lastKnownFileType = sourcecode.c.h; path = Message.h; sourceTree = "<group>"; };
		9DA5B1FB15362AFC00F2FC68 /* Message.m */ = {isa = PBXFileReference; fileEncoding = 4; lastKnownFileType = sourcecode.c.objc; path = Message.m; sourceTree = "<group>"; };
		9DB903BF151BC6A900A13461 /* Charter.png */ = {isa = PBXFileReference; lastKnownFileType = image.png; path = Charter.png; sourceTree = "<group>"; };
		9DB903C0151BC6A900A13461 /* Cannon.png */ = {isa = PBXFileReference; lastKnownFileType = image.png; path = Cannon.png; sourceTree = "<group>"; };
		9DB903C1151BC6A900A13461 /* Cap and Gown.png */ = {isa = PBXFileReference; lastKnownFileType = image.png; path = "Cap and Gown.png"; sourceTree = "<group>"; };
		9DB903C2151BC6A900A13461 /* Cloister.png */ = {isa = PBXFileReference; lastKnownFileType = image.png; path = Cloister.png; sourceTree = "<group>"; };
		9DB903C3151BC6A900A13461 /* Colonial.png */ = {isa = PBXFileReference; lastKnownFileType = image.png; path = Colonial.png; sourceTree = "<group>"; };
		9DB903C4151BC6A900A13461 /* Cottage.png */ = {isa = PBXFileReference; lastKnownFileType = image.png; path = Cottage.png; sourceTree = "<group>"; };
		9DB903C5151BC6A900A13461 /* Ivy.png */ = {isa = PBXFileReference; lastKnownFileType = image.png; path = Ivy.png; sourceTree = "<group>"; };
		9DB903C6151BC6A900A13461 /* Quadrangle.png */ = {isa = PBXFileReference; lastKnownFileType = image.png; path = Quadrangle.png; sourceTree = "<group>"; };
		9DB903C7151BC6A900A13461 /* Tiger Inn.png */ = {isa = PBXFileReference; lastKnownFileType = image.png; path = "Tiger Inn.png"; sourceTree = "<group>"; };
		9DB903C8151BC6A900A13461 /* Terrace.png */ = {isa = PBXFileReference; lastKnownFileType = image.png; path = Terrace.png; sourceTree = "<group>"; };
		9DB903C9151BC6A900A13461 /* Tower.png */ = {isa = PBXFileReference; lastKnownFileType = image.png; path = Tower.png; sourceTree = "<group>"; };
		9DC2F351151E3D9B0028F911 /* Princeton Crest 2.png */ = {isa = PBXFileReference; lastKnownFileType = image.png; path = "Princeton Crest 2.png"; sourceTree = "<group>"; };
		9DC2F359151E52EB0028F911 /* Friend icon.png */ = {isa = PBXFileReference; lastKnownFileType = image.png; path = "Friend icon.png"; sourceTree = "<group>"; };
		9DC2F35A151E52EB0028F911 /* List icon.png */ = {isa = PBXFileReference; lastKnownFileType = image.png; path = "List icon.png"; sourceTree = "<group>"; };
		9DC2F35E151E57CB0028F911 /* List icon 2.png */ = {isa = PBXFileReference; lastKnownFileType = image.png; path = "List icon 2.png"; sourceTree = "<group>"; };
		9DC2F364151E5AC60028F911 /* Chat icon 3.png */ = {isa = PBXFileReference; lastKnownFileType = image.png; path = "Chat icon 3.png"; sourceTree = "<group>"; };
		9DC2F368151E5D130028F911 /* Events icon 4.png */ = {isa = PBXFileReference; lastKnownFileType = image.png; path = "Events icon 4.png"; sourceTree = "<group>"; };
		9DC2F36A151E5D630028F911 /* Home icon.png */ = {isa = PBXFileReference; lastKnownFileType = image.png; path = "Home icon.png"; sourceTree = "<group>"; };
/* End PBXFileReference section */

/* Begin PBXFrameworksBuildPhase section */
		5BA1F60715112DA7002CA7F3 /* Frameworks */ = {
			isa = PBXFrameworksBuildPhase;
			buildActionMask = 2147483647;
			files = (
				41263F8C154130E6006DD5D6 /* QuartzCore.framework in Frameworks */,
				5BC0D9F3153BF379004D560A /* CoreData.framework in Frameworks */,
				5BA1F60F15112DA7002CA7F3 /* UIKit.framework in Frameworks */,
				5BA1F61115112DA7002CA7F3 /* Foundation.framework in Frameworks */,
				5BA1F61315112DA7002CA7F3 /* CoreGraphics.framework in Frameworks */,
				41263FAA1543378A006DD5D6 /* libfacebook_ios_sdk.a in Frameworks */,
			);
			runOnlyForDeploymentPostprocessing = 0;
		};
/* End PBXFrameworksBuildPhase section */

/* Begin PBXGroup section */
		41263F991543378A006DD5D6 /* facebook-ios-sdk */ = {
			isa = PBXGroup;
			children = (
				41263F9A1543378A006DD5D6 /* Facebook.h */,
				41263F9B1543378A006DD5D6 /* FBConnect.h */,
				41263F9C1543378A006DD5D6 /* FBDialog.bundle */,
				41263F9D1543378A006DD5D6 /* FBDialog.h */,
				41263F9E1543378A006DD5D6 /* FBFrictionlessRequestSettings.h */,
				41263F9F1543378A006DD5D6 /* FBLoginDialog.h */,
				41263FA01543378A006DD5D6 /* FBRequest.h */,
				41263FA11543378A006DD5D6 /* JSON.h */,
				41263FA21543378A006DD5D6 /* libfacebook_ios_sdk.a */,
				41263FA31543378A006DD5D6 /* NSObject+SBJSON.h */,
				41263FA41543378A006DD5D6 /* NSString+SBJSON.h */,
				41263FA51543378A006DD5D6 /* SBJSON.h */,
				41263FA61543378A006DD5D6 /* SBJsonBase.h */,
				41263FA71543378A006DD5D6 /* SBJsonParser.h */,
				41263FA81543378A006DD5D6 /* SBJsonWriter.h */,
			);
			path = "facebook-ios-sdk";
			sourceTree = "<group>";
		};
		4163B690153BD08D00D7B2DC /* Data Model */ = {
			isa = PBXGroup;
			children = (
				41263F90154137B6006DD5D6 /* Club.h */,
				41263F91154137B6006DD5D6 /* Club.m */,
				5B5B40B71544837D006426CF /* Club+Create.h */,
				41263F931541389D006DD5D6 /* Club+Create.m */,
				4163B6F9153F4AB700D7B2DC /* User.h */,
				4163B6FA153F4AB700D7B2DC /* User.m */,
				4163B6F5153F4AB700D7B2DC /* Event.h */,
				4163B6F6153F4AB700D7B2DC /* Event.m */,
				5BF9EE40153CBA3F00E53F6E /* Event+Create.h */,
				5BF9EE41153CBA3F00E53F6E /* Event+Create.m */,
			);
			name = "Data Model";
			sourceTree = "<group>";
		};
		5B227E5115367D5900B5DD52 /* Message Images */ = {
			isa = PBXGroup;
			children = (
				5B227E4D15367D5200B5DD52 /* aqua.png */,
				5B227E4E15367D5200B5DD52 /* orange.png */,
				9D464B171537482600468729 /* grey.png */,
				9D464B181537482600468729 /* light_orange.png */,
			);
			name = "Message Images";
			sourceTree = "<group>";
		};
		5B608A5F154A7CCC00BDCA28 /* Server Communication */ = {
			isa = PBXGroup;
			children = (
				5B608A58154A602D00BDCA28 /* ServerCommunication.h */,
				5B608A59154A602D00BDCA28 /* ServerCommunication.m */,
				5BFB45031533846600960C81 /* CAS Login */,
			);
			name = "Server Communication";
			sourceTree = "<group>";
		};
		5BA1F5FF15112DA7002CA7F3 = {
			isa = PBXGroup;
			children = (
				9D29336F154ECC0E00B3F8A9 /* Default.png */,
				9D29336B154ECB5700B3F8A9 /* iStreet final icon 114x114.png */,
				9D293367154ECAE400B3F8A9 /* iStreet final icon 57x57.png */,
				415C30391553565A005FB5D7 /* star_gray.png */,
				415C303A1553565A005FB5D7 /* star_orange.png */,
				5BA1F61415112DA7002CA7F3 /* iStreet */,
				5BA1F60D15112DA7002CA7F3 /* Frameworks */,
				5BA1F60B15112DA7002CA7F3 /* Products */,
			);
			sourceTree = "<group>";
		};
		5BA1F60B15112DA7002CA7F3 /* Products */ = {
			isa = PBXGroup;
			children = (
				5BA1F60A15112DA7002CA7F3 /* iStreet.app */,
			);
			name = Products;
			sourceTree = "<group>";
		};
		5BA1F60D15112DA7002CA7F3 /* Frameworks */ = {
			isa = PBXGroup;
			children = (
				41263F8B154130E6006DD5D6 /* QuartzCore.framework */,
				5BC0D9F2153BF379004D560A /* CoreData.framework */,
				5BA1F60E15112DA7002CA7F3 /* UIKit.framework */,
				5BA1F61015112DA7002CA7F3 /* Foundation.framework */,
				5BA1F61215112DA7002CA7F3 /* CoreGraphics.framework */,
			);
			name = Frameworks;
			sourceTree = "<group>";
		};
		5BA1F61415112DA7002CA7F3 /* iStreet */ = {
			isa = PBXGroup;
			children = (
				5BA1F61D15112DA7002CA7F3 /* AppDelegate.h */,
				5BA1F61E15112DA7002CA7F3 /* AppDelegate.m */,
				5BFB450E153386F500960C81 /* MainStoryboard_iPhone.storyboard */,
				9D34B7751524F0BD00DB6C13 /* AnimatedUIPickerView.h */,
				9D34B7761524F0BD00DB6C13 /* AnimatedUIPickerView.m */,
				5B608A5F154A7CCC00BDCA28 /* Server Communication */,
				5BFB44FF1533842D00960C81 /* Friends */,
				5BFB45001533843300960C81 /* Clubs */,
				4163B690153BD08D00D7B2DC /* Data Model */,
				5BFB45011533843900960C81 /* Chat */,
				5BFB45021533845000960C81 /* Events */,
				41263F991543378A006DD5D6 /* facebook-ios-sdk */,
				5BA1F61515112DA7002CA7F3 /* Supporting Files */,
			);
			path = iStreet;
			sourceTree = "<group>";
		};
		5BA1F61515112DA7002CA7F3 /* Supporting Files */ = {
			isa = PBXGroup;
			children = (
				5BC710C91545E70300A7659F /* iStreet.xcdatamodeld */,
				4163B6EF153E572E00D7B2DC /* fconnect.png */,
				5B63654515338AB700845082 /* README */,
				9D34B7731524D5D000DB6C13 /* calendar.png */,
				9D34B76F1524D55600DB6C13 /* Settings icon.png */,
				5BA1F61615112DA7002CA7F3 /* iStreet-Info.plist */,
				9DB903DB151BC93700A13461 /* Icon Images */,
				5BFB44F8153382E800960C81 /* main.m */,
				5BFB450C153386F500960C81 /* InfoPlist.strings */,
				5BA1F61C15112DA7002CA7F3 /* iStreet-Prefix.pch */,
			);
			name = "Supporting Files";
			sourceTree = "<group>";
		};
		5BFB44FF1533842D00960C81 /* Friends */ = {
			isa = PBXGroup;
			children = (
				4163B6EC153E563C00D7B2DC /* FriendsViewController.h */,
				4163B6ED153E563C00D7B2DC /* FriendsViewController.m */,
				4112762315439511008ED4AF /* FriendsTableViewController.h */,
				4112762415439511008ED4AF /* FriendsTableViewController.m */,
				419D3795154AD59E00447D2B /* EventsAttendingTableViewController.h */,
				419D3796154AD59E00447D2B /* EventsAttendingTableViewController.m */,
				415C30361553527A005FB5D7 /* SeeFriendsAttendingTableViewController.h */,
				415C30371553527A005FB5D7 /* SeeFriendsAttendingTableViewController.m */,
			);
			name = Friends;
			sourceTree = "<group>";
		};
		5BFB45001533843300960C81 /* Clubs */ = {
			isa = PBXGroup;
			children = (
				9DB903D6151BC6F500A13461 /* Club Images */,
				9DA1BF09153A08DE005CCC13 /* EventDetailsViewController.h */,
				9DA1BF0A153A08DE005CCC13 /* EventDetailsViewController.m */,
				9D4ED4A115338DA700680D1D /* ClubEventsViewController.h */,
				9D4ED4A215338DA700680D1D /* ClubEventsViewController.m */,
				5BCE63AC15165D83008E6C1F /* ClubsViewController.h */,
				5BCE63AD15165D83008E6C1F /* ClubsViewController.m */,
			);
			name = Clubs;
			sourceTree = "<group>";
		};
		5BFB45011533843900960C81 /* Chat */ = {
			isa = PBXGroup;
			children = (
				5BCE63A915165A1F008E6C1F /* ChatViewController.h */,
				5BCE63AA15165A1F008E6C1F /* ChatViewController.m */,
				5B227E49153673F200B5DD52 /* MessageTableViewCell.h */,
				5B227E4A153673F200B5DD52 /* MessageTableViewCell.m */,
				9DA5B1FA15362AFC00F2FC68 /* Message.h */,
				9DA5B1FB15362AFC00F2FC68 /* Message.m */,
				5B227E5115367D5900B5DD52 /* Message Images */,
			);
			name = Chat;
			sourceTree = "<group>";
		};
		5BFB45021533845000960C81 /* Events */ = {
			isa = PBXGroup;
			children = (
				4158565B154517C1002BCE7D /* EventsViewController.h */,
				5B6E6FA315451DC600BB3AA2 /* EventsViewController.m */,
				41263F8D154131B1006DD5D6 /* EventsNight.h */,
				41263F8E154131B1006DD5D6 /* EventsNight.m */,
				9D197B60153B51B800604080 /* EventCell.h */,
				9D197B61153B51B800604080 /* EventCell.m */,
				9D197B64153B51B800604080 /* IconDownloader.h */,
				9D197B65153B51B800604080 /* IconDownloader.m */,
				5BE7E2B0153A5E54008EFCA0 /* Placeholder.png */,
			);
			name = Events;
			sourceTree = "<group>";
		};
		5BFB45031533846600960C81 /* CAS Login */ = {
			isa = PBXGroup;
			children = (
				5B3DEB2B154AA52A0023C651 /* LoginViewController.h */,
				5B3DEB2C154AA52A0023C651 /* LoginViewController.m */,
				41386593152D15EB007A2327 /* LoginViewController.xib */,
			);
			name = "CAS Login";
			sourceTree = "<group>";
		};
		9DB903D6151BC6F500A13461 /* Club Images */ = {
			isa = PBXGroup;
			children = (
				9D464B201537631C00468729 /* Princeton Crest 3.png */,
				9DC2F351151E3D9B0028F911 /* Princeton Crest 2.png */,
				9DB903C0151BC6A900A13461 /* Cannon.png */,
				9DB903C1151BC6A900A13461 /* Cap and Gown.png */,
				9DB903C2151BC6A900A13461 /* Cloister.png */,
				9DB903C3151BC6A900A13461 /* Colonial.png */,
				9DB903C4151BC6A900A13461 /* Cottage.png */,
				9DB903C5151BC6A900A13461 /* Ivy.png */,
				9DB903C6151BC6A900A13461 /* Quadrangle.png */,
				9DB903C7151BC6A900A13461 /* Tiger Inn.png */,
				9DB903C8151BC6A900A13461 /* Terrace.png */,
				9DB903C9151BC6A900A13461 /* Tower.png */,
				9DB903BF151BC6A900A13461 /* Charter.png */,
			);
			name = "Club Images";
			sourceTree = "<group>";
		};
		9DB903DB151BC93700A13461 /* Icon Images */ = {
			isa = PBXGroup;
			children = (
				9DC2F36A151E5D630028F911 /* Home icon.png */,
				9DC2F368151E5D130028F911 /* Events icon 4.png */,
				9DC2F364151E5AC60028F911 /* Chat icon 3.png */,
				9DC2F35E151E57CB0028F911 /* List icon 2.png */,
				9DC2F359151E52EB0028F911 /* Friend icon.png */,
				9DC2F35A151E52EB0028F911 /* List icon.png */,
			);
			name = "Icon Images";
			sourceTree = "<group>";
		};
/* End PBXGroup section */

/* Begin PBXNativeTarget section */
		5BA1F60915112DA7002CA7F3 /* iStreet */ = {
			isa = PBXNativeTarget;
			buildConfigurationList = 5BA1F63615112DA7002CA7F3 /* Build configuration list for PBXNativeTarget "iStreet" */;
			buildPhases = (
				5BA1F60615112DA7002CA7F3 /* Sources */,
				5BA1F60715112DA7002CA7F3 /* Frameworks */,
				5BA1F60815112DA7002CA7F3 /* Resources */,
			);
			buildRules = (
			);
			dependencies = (
			);
			name = iStreet;
			productName = iStreet;
			productReference = 5BA1F60A15112DA7002CA7F3 /* iStreet.app */;
			productType = "com.apple.product-type.application";
		};
/* End PBXNativeTarget section */

/* Begin PBXProject section */
		5BA1F60115112DA7002CA7F3 /* Project object */ = {
			isa = PBXProject;
			attributes = {
				LastUpgradeCheck = 0430;
			};
			buildConfigurationList = 5BA1F60415112DA7002CA7F3 /* Build configuration list for PBXProject "iStreet" */;
			compatibilityVersion = "Xcode 3.2";
			developmentRegion = English;
			hasScannedForEncodings = 0;
			knownRegions = (
				en,
			);
			mainGroup = 5BA1F5FF15112DA7002CA7F3;
			productRefGroup = 5BA1F60B15112DA7002CA7F3 /* Products */;
			projectDirPath = "";
			projectRoot = "";
			targets = (
				5BA1F60915112DA7002CA7F3 /* iStreet */,
			);
		};
/* End PBXProject section */

/* Begin PBXResourcesBuildPhase section */
		5BA1F60815112DA7002CA7F3 /* Resources */ = {
			isa = PBXResourcesBuildPhase;
			buildActionMask = 2147483647;
			files = (
				9DB903CA151BC6A900A13461 /* Charter.png in Resources */,
				9DB903CB151BC6A900A13461 /* Cannon.png in Resources */,
				9DB903CC151BC6A900A13461 /* Cap and Gown.png in Resources */,
				9DB903CD151BC6A900A13461 /* Cloister.png in Resources */,
				9DB903CE151BC6A900A13461 /* Colonial.png in Resources */,
				9DB903CF151BC6A900A13461 /* Cottage.png in Resources */,
				9DB903D0151BC6A900A13461 /* Ivy.png in Resources */,
				9DB903D1151BC6A900A13461 /* Quadrangle.png in Resources */,
				9DB903D2151BC6A900A13461 /* Tiger Inn.png in Resources */,
				9DB903D3151BC6A900A13461 /* Terrace.png in Resources */,
				9DB903D4151BC6A900A13461 /* Tower.png in Resources */,
				9DC2F352151E3D9B0028F911 /* Princeton Crest 2.png in Resources */,
				9DC2F35C151E52EB0028F911 /* Friend icon.png in Resources */,
				9DC2F35D151E52EB0028F911 /* List icon.png in Resources */,
				9DC2F35F151E57CB0028F911 /* List icon 2.png in Resources */,
				9DC2F365151E5AC60028F911 /* Chat icon 3.png in Resources */,
				9DC2F369151E5D130028F911 /* Events icon 4.png in Resources */,
				9DC2F36B151E5D630028F911 /* Home icon.png in Resources */,
				41386595152D15EB007A2327 /* LoginViewController.xib in Resources */,
				5BFB4510153386F500960C81 /* InfoPlist.strings in Resources */,
				5BFB4511153386F500960C81 /* MainStoryboard_iPhone.storyboard in Resources */,
				5B63654615338AB700845082 /* README in Resources */,
				5B227E4F15367D5200B5DD52 /* aqua.png in Resources */,
				5B227E5015367D5200B5DD52 /* orange.png in Resources */,
				9D464B191537482600468729 /* grey.png in Resources */,
				9D464B1A1537482600468729 /* light_orange.png in Resources */,
				9D464B211537631C00468729 /* Princeton Crest 3.png in Resources */,
				5BE7E2B1153A5E54008EFCA0 /* Placeholder.png in Resources */,
				4163B6F0153E572E00D7B2DC /* fconnect.png in Resources */,
				41263FA91543378A006DD5D6 /* FBDialog.bundle in Resources */,
				9D293368154ECAE400B3F8A9 /* iStreet final icon 57x57.png in Resources */,
				9D29336C154ECB5700B3F8A9 /* iStreet final icon 114x114.png in Resources */,
				9D293370154ECC0E00B3F8A9 /* Default.png in Resources */,
				415C303B1553565B005FB5D7 /* star_gray.png in Resources */,
				415C303C1553565B005FB5D7 /* star_orange.png in Resources */,
			);
			runOnlyForDeploymentPostprocessing = 0;
		};
/* End PBXResourcesBuildPhase section */

/* Begin PBXSourcesBuildPhase section */
		5BA1F60615112DA7002CA7F3 /* Sources */ = {
			isa = PBXSourcesBuildPhase;
			buildActionMask = 2147483647;
			files = (
				41263F941541389D006DD5D6 /* Club+Create.m in Sources */,
				4185BB6E1541297B001E85E3 /* AnimatedUIPickerView.m in Sources */,
				9D208D7815409335004515E9 /* FriendsViewController.m in Sources */,
				5B2CD5ED153F2C4E00EE3E9A /* Event+Create.m in Sources */,
				5BA1F61F15112DA7002CA7F3 /* AppDelegate.m in Sources */,
				5BCE63AB15165A1F008E6C1F /* ChatViewController.m in Sources */,
				5BCE63AE15165D83008E6C1F /* ClubsViewController.m in Sources */,
				5BFB44FC153382E800960C81 /* main.m in Sources */,
				9D4ED4A315338DA700680D1D /* ClubEventsViewController.m in Sources */,
				9DA5B1FC15362AFC00F2FC68 /* Message.m in Sources */,
				5B227E4B153673F200B5DD52 /* MessageTableViewCell.m in Sources */,
				9DA1BF0B153A08DE005CCC13 /* EventDetailsViewController.m in Sources */,
				9D197B69153B51B800604080 /* EventCell.m in Sources */,
				9D197B6B153B51B800604080 /* IconDownloader.m in Sources */,
				4163B6F7153F4AB700D7B2DC /* Event.m in Sources */,
				4163B6FB153F4AB700D7B2DC /* User.m in Sources */,
				41263F8F154131B1006DD5D6 /* EventsNight.m in Sources */,
				41263F92154137B6006DD5D6 /* Club.m in Sources */,
				4112762515439512008ED4AF /* FriendsTableViewController.m in Sources */,
				5B6E6FA415451DC600BB3AA2 /* EventsViewController.m in Sources */,
				5BC710CB1545E70300A7659F /* iStreet.xcdatamodeld in Sources */,
				5B608A5A154A602D00BDCA28 /* ServerCommunication.m in Sources */,
				5B3DEB2D154AA52A0023C651 /* LoginViewController.m in Sources */,
				419D3797154AD59E00447D2B /* EventsAttendingTableViewController.m in Sources */,
				415C30381553527A005FB5D7 /* SeeFriendsAttendingTableViewController.m in Sources */,
			);
			runOnlyForDeploymentPostprocessing = 0;
		};
/* End PBXSourcesBuildPhase section */

/* Begin PBXVariantGroup section */
		5BFB450C153386F500960C81 /* InfoPlist.strings */ = {
			isa = PBXVariantGroup;
			children = (
				5BFB450D153386F500960C81 /* en */,
			);
			name = InfoPlist.strings;
			sourceTree = "<group>";
		};
		5BFB450E153386F500960C81 /* MainStoryboard_iPhone.storyboard */ = {
			isa = PBXVariantGroup;
			children = (
				5BFB450F153386F500960C81 /* en */,
			);
			name = MainStoryboard_iPhone.storyboard;
			sourceTree = "<group>";
		};
/* End PBXVariantGroup section */

/* Begin XCBuildConfiguration section */
		5BA1F63415112DA7002CA7F3 /* Debug */ = {
			isa = XCBuildConfiguration;
			buildSettings = {
				ALWAYS_SEARCH_USER_PATHS = NO;
				ARCHS = "$(ARCHS_STANDARD_32_BIT)";
				CLANG_ENABLE_OBJC_ARC = YES;
				"CODE_SIGN_IDENTITY[sdk=iphoneos*]" = "iPhone Developer";
				COPY_PHASE_STRIP = NO;
				GCC_C_LANGUAGE_STANDARD = gnu99;
				GCC_DYNAMIC_NO_PIC = NO;
				GCC_OPTIMIZATION_LEVEL = 0;
				GCC_PREPROCESSOR_DEFINITIONS = (
					"DEBUG=1",
					"$(inherited)",
				);
				GCC_SYMBOLS_PRIVATE_EXTERN = NO;
				GCC_VERSION = com.apple.compilers.llvm.clang.1_0;
				GCC_WARN_ABOUT_RETURN_TYPE = YES;
				GCC_WARN_UNINITIALIZED_AUTOS = YES;
				GCC_WARN_UNUSED_VARIABLE = YES;
				IPHONEOS_DEPLOYMENT_TARGET = 5.1;
				SDKROOT = iphoneos;
				TARGETED_DEVICE_FAMILY = "1,2";
			};
			name = Debug;
		};
		5BA1F63515112DA7002CA7F3 /* Release */ = {
			isa = XCBuildConfiguration;
			buildSettings = {
				ALWAYS_SEARCH_USER_PATHS = NO;
				ARCHS = "$(ARCHS_STANDARD_32_BIT)";
				CLANG_ENABLE_OBJC_ARC = YES;
				"CODE_SIGN_IDENTITY[sdk=iphoneos*]" = "iPhone Developer";
				COPY_PHASE_STRIP = YES;
				GCC_C_LANGUAGE_STANDARD = gnu99;
				GCC_VERSION = com.apple.compilers.llvm.clang.1_0;
				GCC_WARN_ABOUT_RETURN_TYPE = YES;
				GCC_WARN_UNINITIALIZED_AUTOS = YES;
				GCC_WARN_UNUSED_VARIABLE = YES;
				IPHONEOS_DEPLOYMENT_TARGET = 5.1;
				OTHER_CFLAGS = "-DNS_BLOCK_ASSERTIONS=1";
				SDKROOT = iphoneos;
				TARGETED_DEVICE_FAMILY = "1,2";
				VALIDATE_PRODUCT = YES;
			};
			name = Release;
		};
		5BA1F63715112DA7002CA7F3 /* Debug */ = {
			isa = XCBuildConfiguration;
			buildSettings = {
				CODE_SIGN_IDENTITY = "iPhone Developer";
				GCC_PRECOMPILE_PREFIX_HEADER = YES;
				GCC_PREFIX_HEADER = "iStreet/iStreet-Prefix.pch";
				INFOPLIST_FILE = "iStreet/iStreet-Info.plist";
				IPHONEOS_DEPLOYMENT_TARGET = 5.1;
				LIBRARY_SEARCH_PATHS = (
					"$(inherited)",
					"\"$(SRCROOT)/iStreet/facebook-ios-sdk\"",
					"\"$(SDKROOT)/usr/lib/system\"",
				);
				PRODUCT_NAME = "$(TARGET_NAME)";
				PROVISIONING_PROFILE = "";
				TARGETED_DEVICE_FAMILY = 1;
				WRAPPER_EXTENSION = app;
			};
			name = Debug;
		};
		5BA1F63815112DA7002CA7F3 /* Release */ = {
			isa = XCBuildConfiguration;
			buildSettings = {
				CODE_SIGN_IDENTITY = "iPhone Distribution";
				"CODE_SIGN_IDENTITY[sdk=iphoneos*]" = "iPhone Distribution";
				GCC_PRECOMPILE_PREFIX_HEADER = YES;
				GCC_PREFIX_HEADER = "iStreet/iStreet-Prefix.pch";
				INFOPLIST_FILE = "iStreet/iStreet-Info.plist";
				IPHONEOS_DEPLOYMENT_TARGET = 5.1;
				LIBRARY_SEARCH_PATHS = (
					"$(inherited)",
					"\"$(SRCROOT)/iStreet/facebook-ios-sdk\"",
					"\"$(SDKROOT)/usr/lib/system\"",
				);
				PRODUCT_NAME = "$(TARGET_NAME)";
				PROVISIONING_PROFILE = "";
				"PROVISIONING_PROFILE[sdk=iphoneos*]" = "";
				TARGETED_DEVICE_FAMILY = 1;
				WRAPPER_EXTENSION = app;
			};
			name = Release;
		};
/* End XCBuildConfiguration section */

/* Begin XCConfigurationList section */
		5BA1F60415112DA7002CA7F3 /* Build configuration list for PBXProject "iStreet" */ = {
			isa = XCConfigurationList;
			buildConfigurations = (
				5BA1F63415112DA7002CA7F3 /* Debug */,
				5BA1F63515112DA7002CA7F3 /* Release */,
			);
			defaultConfigurationIsVisible = 0;
			defaultConfigurationName = Release;
		};
		5BA1F63615112DA7002CA7F3 /* Build configuration list for PBXNativeTarget "iStreet" */ = {
			isa = XCConfigurationList;
			buildConfigurations = (
				5BA1F63715112DA7002CA7F3 /* Debug */,
				5BA1F63815112DA7002CA7F3 /* Release */,
			);
			defaultConfigurationIsVisible = 0;
			defaultConfigurationName = Release;
		};
/* End XCConfigurationList section */

/* Begin XCVersionGroup section */
		5BC710C91545E70300A7659F /* iStreet.xcdatamodeld */ = {
			isa = XCVersionGroup;
			children = (
				5BC710CA1545E70300A7659F /* iStreet.xcdatamodel */,
			);
			currentVersion = 5BC710CA1545E70300A7659F /* iStreet.xcdatamodel */;
			path = iStreet.xcdatamodeld;
			sourceTree = "<group>";
			versionGroupType = wrapper.xcdatamodel;
		};
/* End XCVersionGroup section */
	};
	rootObject = 5BA1F60115112DA7002CA7F3 /* Project object */;
}
