// !$*UTF8*$!
{
	archiveVersion = 1;
	classes = {
	};
	objectVersion = 46;
	objects = {

/* Begin PBXBuildFile section */
		41386586152D1502007A2327 /* main.m in Sources */ = {isa = PBXBuildFile; fileRef = 41386588152D1502007A2327 /* main.m */; };
		41386589152D1508007A2327 /* ClubsViewController.m in Sources */ = {isa = PBXBuildFile; fileRef = 4138658B152D1508007A2327 /* ClubsViewController.m */; };
		41386594152D15EB007A2327 /* LoginViewController.m in Sources */ = {isa = PBXBuildFile; fileRef = 41386592152D15EB007A2327 /* LoginViewController.m */; };
		41386595152D15EB007A2327 /* LoginViewController.xib in Resources */ = {isa = PBXBuildFile; fileRef = 41386593152D15EB007A2327 /* LoginViewController.xib */; };
		5BA1F60F15112DA7002CA7F3 /* UIKit.framework in Frameworks */ = {isa = PBXBuildFile; fileRef = 5BA1F60E15112DA7002CA7F3 /* UIKit.framework */; };
		5BA1F61115112DA7002CA7F3 /* Foundation.framework in Frameworks */ = {isa = PBXBuildFile; fileRef = 5BA1F61015112DA7002CA7F3 /* Foundation.framework */; };
		5BA1F61315112DA7002CA7F3 /* CoreGraphics.framework in Frameworks */ = {isa = PBXBuildFile; fileRef = 5BA1F61215112DA7002CA7F3 /* CoreGraphics.framework */; };
		5BA1F61915112DA7002CA7F3 /* InfoPlist.strings in Resources */ = {isa = PBXBuildFile; fileRef = 5BA1F61715112DA7002CA7F3 /* InfoPlist.strings */; };
		5BA1F61F15112DA7002CA7F3 /* AppDelegate.m in Sources */ = {isa = PBXBuildFile; fileRef = 5BA1F61E15112DA7002CA7F3 /* AppDelegate.m */; };
		5BA1F62215112DA7002CA7F3 /* MainStoryboard_iPhone.storyboard in Resources */ = {isa = PBXBuildFile; fileRef = 5BA1F62015112DA7002CA7F3 /* MainStoryboard_iPhone.storyboard */; };
		5BA1F62815112DA7002CA7F3 /* HomeViewController.m in Sources */ = {isa = PBXBuildFile; fileRef = 5BA1F62715112DA7002CA7F3 /* HomeViewController.m */; };
		5BA1F62A15112DA7002CA7F3 /* first.png in Resources */ = {isa = PBXBuildFile; fileRef = 5BA1F62915112DA7002CA7F3 /* first.png */; };
		5BA1F62C15112DA7002CA7F3 /* first@2x.png in Resources */ = {isa = PBXBuildFile; fileRef = 5BA1F62B15112DA7002CA7F3 /* first@2x.png */; };
		5BA1F63115112DA7002CA7F3 /* second.png in Resources */ = {isa = PBXBuildFile; fileRef = 5BA1F63015112DA7002CA7F3 /* second.png */; };
		5BA1F63315112DA7002CA7F3 /* second@2x.png in Resources */ = {isa = PBXBuildFile; fileRef = 5BA1F63215112DA7002CA7F3 /* second@2x.png */; };
		5BCE63AB15165A1F008E6C1F /* ChatViewController.m in Sources */ = {isa = PBXBuildFile; fileRef = 5BCE63AA15165A1F008E6C1F /* ChatViewController.m */; };
		5BCE63AE15165D83008E6C1F /* MapViewController.m in Sources */ = {isa = PBXBuildFile; fileRef = 5BCE63AD15165D83008E6C1F /* MapViewController.m */; };
		5BCE63B115165E5D008E6C1F /* FriendsViewController.m in Sources */ = {isa = PBXBuildFile; fileRef = 5BCE63B015165E5D008E6C1F /* FriendsViewController.m */; };
		5BCE63B41516610C008E6C1F /* TabBarController.m in Sources */ = {isa = PBXBuildFile; fileRef = 5BCE63B31516610C008E6C1F /* TabBarController.m */; };
		9D34B7711524D55600DB6C13 /* Settings icon.png in Resources */ = {isa = PBXBuildFile; fileRef = 9D34B76F1524D55600DB6C13 /* Settings icon.png */; };
		9D34B7741524D5D000DB6C13 /* calendar.png in Resources */ = {isa = PBXBuildFile; fileRef = 9D34B7731524D5D000DB6C13 /* calendar.png */; };
		9D34B7771524F0BD00DB6C13 /* AnimatedUIPickerView.m in Sources */ = {isa = PBXBuildFile; fileRef = 9D34B7761524F0BD00DB6C13 /* AnimatedUIPickerView.m */; };
		9DB903CA151BC6A900A13461 /* Campus.png in Resources */ = {isa = PBXBuildFile; fileRef = 9DB903BF151BC6A900A13461 /* Campus.png */; };
		9DB903CB151BC6A900A13461 /* Cannon.png in Resources */ = {isa = PBXBuildFile; fileRef = 9DB903C0151BC6A900A13461 /* Cannon.png */; };
		9DB903CC151BC6A900A13461 /* Cap&Gown.png in Resources */ = {isa = PBXBuildFile; fileRef = 9DB903C1151BC6A900A13461 /* Cap&Gown.png */; };
		9DB903CD151BC6A900A13461 /* Charter.png in Resources */ = {isa = PBXBuildFile; fileRef = 9DB903C2151BC6A900A13461 /* Charter.png */; };
		9DB903CE151BC6A900A13461 /* Colonial.png in Resources */ = {isa = PBXBuildFile; fileRef = 9DB903C3151BC6A900A13461 /* Colonial.png */; };
		9DB903CF151BC6A900A13461 /* Cottage.png in Resources */ = {isa = PBXBuildFile; fileRef = 9DB903C4151BC6A900A13461 /* Cottage.png */; };
		9DB903D0151BC6A900A13461 /* Ivy.png in Resources */ = {isa = PBXBuildFile; fileRef = 9DB903C5151BC6A900A13461 /* Ivy.png */; };
		9DB903D1151BC6A900A13461 /* Quad.png in Resources */ = {isa = PBXBuildFile; fileRef = 9DB903C6151BC6A900A13461 /* Quad.png */; };
		9DB903D2151BC6A900A13461 /* T.I..png in Resources */ = {isa = PBXBuildFile; fileRef = 9DB903C7151BC6A900A13461 /* T.I..png */; };
		9DB903D3151BC6A900A13461 /* Terrace.png in Resources */ = {isa = PBXBuildFile; fileRef = 9DB903C8151BC6A900A13461 /* Terrace.png */; };
		9DB903D4151BC6A900A13461 /* Tower.png in Resources */ = {isa = PBXBuildFile; fileRef = 9DB903C9151BC6A900A13461 /* Tower.png */; };
		9DC2F352151E3D9B0028F911 /* Princeton Crest 2.png in Resources */ = {isa = PBXBuildFile; fileRef = 9DC2F351151E3D9B0028F911 /* Princeton Crest 2.png */; };
		9DC2F355151E3F3A0028F911 /* circle.png in Resources */ = {isa = PBXBuildFile; fileRef = 9DC2F354151E3F3A0028F911 /* circle.png */; };
		9DC2F35C151E52EB0028F911 /* Friend icon.png in Resources */ = {isa = PBXBuildFile; fileRef = 9DC2F359151E52EB0028F911 /* Friend icon.png */; };
		9DC2F35D151E52EB0028F911 /* List icon.png in Resources */ = {isa = PBXBuildFile; fileRef = 9DC2F35A151E52EB0028F911 /* List icon.png */; };
		9DC2F35F151E57CB0028F911 /* List icon 2.png in Resources */ = {isa = PBXBuildFile; fileRef = 9DC2F35E151E57CB0028F911 /* List icon 2.png */; };
		9DC2F365151E5AC60028F911 /* Chat icon 3.png in Resources */ = {isa = PBXBuildFile; fileRef = 9DC2F364151E5AC60028F911 /* Chat icon 3.png */; };
		9DC2F369151E5D130028F911 /* Events icon 4.png in Resources */ = {isa = PBXBuildFile; fileRef = 9DC2F368151E5D130028F911 /* Events icon 4.png */; };
		9DC2F36B151E5D630028F911 /* Home icon.png in Resources */ = {isa = PBXBuildFile; fileRef = 9DC2F36A151E5D630028F911 /* Home icon.png */; };
/* End PBXBuildFile section */

/* Begin PBXFileReference section */
		41386587152D1502007A2327 /* en */ = {isa = PBXFileReference; lastKnownFileType = sourcecode.c.objc; name = en; path = en.lproj/main.m; sourceTree = "<group>"; };
		4138658A152D1508007A2327 /* en */ = {isa = PBXFileReference; lastKnownFileType = sourcecode.c.objc; name = en; path = en.lproj/ClubsViewController.m; sourceTree = "<group>"; };
		41386591152D15EB007A2327 /* LoginViewController.h */ = {isa = PBXFileReference; fileEncoding = 4; lastKnownFileType = sourcecode.c.h; path = LoginViewController.h; sourceTree = "<group>"; };
		41386592152D15EB007A2327 /* LoginViewController.m */ = {isa = PBXFileReference; fileEncoding = 4; lastKnownFileType = sourcecode.c.objc; path = LoginViewController.m; sourceTree = "<group>"; };
		41386593152D15EB007A2327 /* LoginViewController.xib */ = {isa = PBXFileReference; fileEncoding = 4; lastKnownFileType = file.xib; path = LoginViewController.xib; sourceTree = "<group>"; };
		5BA1F60A15112DA7002CA7F3 /* iStreet.app */ = {isa = PBXFileReference; explicitFileType = wrapper.application; includeInIndex = 0; path = iStreet.app; sourceTree = BUILT_PRODUCTS_DIR; };
		5BA1F60E15112DA7002CA7F3 /* UIKit.framework */ = {isa = PBXFileReference; lastKnownFileType = wrapper.framework; name = UIKit.framework; path = System/Library/Frameworks/UIKit.framework; sourceTree = SDKROOT; };
		5BA1F61015112DA7002CA7F3 /* Foundation.framework */ = {isa = PBXFileReference; lastKnownFileType = wrapper.framework; name = Foundation.framework; path = System/Library/Frameworks/Foundation.framework; sourceTree = SDKROOT; };
		5BA1F61215112DA7002CA7F3 /* CoreGraphics.framework */ = {isa = PBXFileReference; lastKnownFileType = wrapper.framework; name = CoreGraphics.framework; path = System/Library/Frameworks/CoreGraphics.framework; sourceTree = SDKROOT; };
		5BA1F61615112DA7002CA7F3 /* iStreet-Info.plist */ = {isa = PBXFileReference; lastKnownFileType = text.plist.xml; path = "iStreet-Info.plist"; sourceTree = "<group>"; };
		5BA1F61815112DA7002CA7F3 /* en */ = {isa = PBXFileReference; lastKnownFileType = text.plist.strings; name = en; path = en.lproj/InfoPlist.strings; sourceTree = "<group>"; };
		5BA1F61C15112DA7002CA7F3 /* iStreet-Prefix.pch */ = {isa = PBXFileReference; lastKnownFileType = sourcecode.c.h; path = "iStreet-Prefix.pch"; sourceTree = "<group>"; };
		5BA1F61D15112DA7002CA7F3 /* AppDelegate.h */ = {isa = PBXFileReference; lastKnownFileType = sourcecode.c.h; path = AppDelegate.h; sourceTree = "<group>"; };
		5BA1F61E15112DA7002CA7F3 /* AppDelegate.m */ = {isa = PBXFileReference; lastKnownFileType = sourcecode.c.objc; path = AppDelegate.m; sourceTree = "<group>"; };
		5BA1F62115112DA7002CA7F3 /* en */ = {isa = PBXFileReference; lastKnownFileType = file.storyboard; name = en; path = en.lproj/MainStoryboard_iPhone.storyboard; sourceTree = "<group>"; };
		5BA1F62615112DA7002CA7F3 /* HomeViewController.h */ = {isa = PBXFileReference; lastKnownFileType = sourcecode.c.h; path = HomeViewController.h; sourceTree = "<group>"; };
		5BA1F62715112DA7002CA7F3 /* HomeViewController.m */ = {isa = PBXFileReference; lastKnownFileType = sourcecode.c.objc; path = HomeViewController.m; sourceTree = "<group>"; };
		5BA1F62915112DA7002CA7F3 /* first.png */ = {isa = PBXFileReference; lastKnownFileType = image.png; path = first.png; sourceTree = "<group>"; };
		5BA1F62B15112DA7002CA7F3 /* first@2x.png */ = {isa = PBXFileReference; lastKnownFileType = image.png; path = "first@2x.png"; sourceTree = "<group>"; };
		5BA1F62D15112DA7002CA7F3 /* ClubsViewController.h */ = {isa = PBXFileReference; lastKnownFileType = sourcecode.c.h; path = ClubsViewController.h; sourceTree = "<group>"; };
		5BA1F63015112DA7002CA7F3 /* second.png */ = {isa = PBXFileReference; lastKnownFileType = image.png; path = second.png; sourceTree = "<group>"; };
		5BA1F63215112DA7002CA7F3 /* second@2x.png */ = {isa = PBXFileReference; lastKnownFileType = image.png; path = "second@2x.png"; sourceTree = "<group>"; };
		5BCE63A915165A1F008E6C1F /* ChatViewController.h */ = {isa = PBXFileReference; fileEncoding = 4; lastKnownFileType = sourcecode.c.h; path = ChatViewController.h; sourceTree = "<group>"; };
		5BCE63AA15165A1F008E6C1F /* ChatViewController.m */ = {isa = PBXFileReference; fileEncoding = 4; lastKnownFileType = sourcecode.c.objc; path = ChatViewController.m; sourceTree = "<group>"; };
		5BCE63AC15165D83008E6C1F /* MapViewController.h */ = {isa = PBXFileReference; fileEncoding = 4; lastKnownFileType = sourcecode.c.h; path = MapViewController.h; sourceTree = "<group>"; };
		5BCE63AD15165D83008E6C1F /* MapViewController.m */ = {isa = PBXFileReference; fileEncoding = 4; lastKnownFileType = sourcecode.c.objc; path = MapViewController.m; sourceTree = "<group>"; };
		5BCE63AF15165E5D008E6C1F /* FriendsViewController.h */ = {isa = PBXFileReference; fileEncoding = 4; lastKnownFileType = sourcecode.c.h; path = FriendsViewController.h; sourceTree = "<group>"; };
		5BCE63B015165E5D008E6C1F /* FriendsViewController.m */ = {isa = PBXFileReference; fileEncoding = 4; lastKnownFileType = sourcecode.c.objc; path = FriendsViewController.m; sourceTree = "<group>"; };
		5BCE63B21516610C008E6C1F /* TabBarController.h */ = {isa = PBXFileReference; fileEncoding = 4; lastKnownFileType = sourcecode.c.h; path = TabBarController.h; sourceTree = "<group>"; };
		5BCE63B31516610C008E6C1F /* TabBarController.m */ = {isa = PBXFileReference; fileEncoding = 4; lastKnownFileType = sourcecode.c.objc; path = TabBarController.m; sourceTree = "<group>"; };
		9D34B76F1524D55600DB6C13 /* Settings icon.png */ = {isa = PBXFileReference; lastKnownFileType = image.png; path = "Settings icon.png"; sourceTree = "<group>"; };
		9D34B7731524D5D000DB6C13 /* calendar.png */ = {isa = PBXFileReference; lastKnownFileType = image.png; path = calendar.png; sourceTree = "<group>"; };
		9D34B7751524F0BD00DB6C13 /* AnimatedUIPickerView.h */ = {isa = PBXFileReference; fileEncoding = 4; lastKnownFileType = sourcecode.c.h; path = AnimatedUIPickerView.h; sourceTree = "<group>"; };
		9D34B7761524F0BD00DB6C13 /* AnimatedUIPickerView.m */ = {isa = PBXFileReference; fileEncoding = 4; lastKnownFileType = sourcecode.c.objc; path = AnimatedUIPickerView.m; sourceTree = "<group>"; };
		9DB903BF151BC6A900A13461 /* Campus.png */ = {isa = PBXFileReference; lastKnownFileType = image.png; path = Campus.png; sourceTree = "<group>"; };
		9DB903C0151BC6A900A13461 /* Cannon.png */ = {isa = PBXFileReference; lastKnownFileType = image.png; path = Cannon.png; sourceTree = "<group>"; };
		9DB903C1151BC6A900A13461 /* Cap&Gown.png */ = {isa = PBXFileReference; lastKnownFileType = image.png; path = "Cap&Gown.png"; sourceTree = "<group>"; };
		9DB903C2151BC6A900A13461 /* Charter.png */ = {isa = PBXFileReference; lastKnownFileType = image.png; path = Charter.png; sourceTree = "<group>"; };
		9DB903C3151BC6A900A13461 /* Colonial.png */ = {isa = PBXFileReference; lastKnownFileType = image.png; path = Colonial.png; sourceTree = "<group>"; };
		9DB903C4151BC6A900A13461 /* Cottage.png */ = {isa = PBXFileReference; lastKnownFileType = image.png; path = Cottage.png; sourceTree = "<group>"; };
		9DB903C5151BC6A900A13461 /* Ivy.png */ = {isa = PBXFileReference; lastKnownFileType = image.png; path = Ivy.png; sourceTree = "<group>"; };
		9DB903C6151BC6A900A13461 /* Quad.png */ = {isa = PBXFileReference; lastKnownFileType = image.png; path = Quad.png; sourceTree = "<group>"; };
		9DB903C7151BC6A900A13461 /* T.I..png */ = {isa = PBXFileReference; lastKnownFileType = image.png; path = T.I..png; sourceTree = "<group>"; };
		9DB903C8151BC6A900A13461 /* Terrace.png */ = {isa = PBXFileReference; lastKnownFileType = image.png; path = Terrace.png; sourceTree = "<group>"; };
		9DB903C9151BC6A900A13461 /* Tower.png */ = {isa = PBXFileReference; lastKnownFileType = image.png; path = Tower.png; sourceTree = "<group>"; };
		9DC2F351151E3D9B0028F911 /* Princeton Crest 2.png */ = {isa = PBXFileReference; lastKnownFileType = image.png; path = "Princeton Crest 2.png"; sourceTree = "<group>"; };
		9DC2F354151E3F3A0028F911 /* circle.png */ = {isa = PBXFileReference; lastKnownFileType = image.png; path = circle.png; sourceTree = "<group>"; };
		9DC2F359151E52EB0028F911 /* Friend icon.png */ = {isa = PBXFileReference; lastKnownFileType = image.png; path = "Friend icon.png"; sourceTree = "<group>"; };
		9DC2F35A151E52EB0028F911 /* List icon.png */ = {isa = PBXFileReference; lastKnownFileType = image.png; path = "List icon.png"; sourceTree = "<group>"; };
		9DC2F35E151E57CB0028F911 /* List icon 2.png */ = {isa = PBXFileReference; lastKnownFileType = image.png; path = "List icon 2.png"; sourceTree = "<group>"; };
		9DC2F364151E5AC60028F911 /* Chat icon 3.png */ = {isa = PBXFileReference; lastKnownFileType = image.png; path = "Chat icon 3.png"; sourceTree = "<group>"; };
		9DC2F368151E5D130028F911 /* Events icon 4.png */ = {isa = PBXFileReference; lastKnownFileType = image.png; path = "Events icon 4.png"; sourceTree = "<group>"; };
		9DC2F36A151E5D630028F911 /* Home icon.png */ = {isa = PBXFileReference; lastKnownFileType = image.png; path = "Home icon.png"; sourceTree = "<group>"; };
/* End PBXFileReference section */

/* Begin PBXFrameworksBuildPhase section */
		5BA1F60715112DA7002CA7F3 /* Frameworks */ = {
			isa = PBXFrameworksBuildPhase;
			buildActionMask = 2147483647;
			files = (
				5BA1F60F15112DA7002CA7F3 /* UIKit.framework in Frameworks */,
				5BA1F61115112DA7002CA7F3 /* Foundation.framework in Frameworks */,
				5BA1F61315112DA7002CA7F3 /* CoreGraphics.framework in Frameworks */,
			);
			runOnlyForDeploymentPostprocessing = 0;
		};
/* End PBXFrameworksBuildPhase section */

/* Begin PBXGroup section */
		5BA1F5FF15112DA7002CA7F3 = {
			isa = PBXGroup;
			children = (
				5BA1F61415112DA7002CA7F3 /* iStreet */,
				5BA1F60D15112DA7002CA7F3 /* Frameworks */,
				5BA1F60B15112DA7002CA7F3 /* Products */,
			);
			sourceTree = "<group>";
		};
		5BA1F60B15112DA7002CA7F3 /* Products */ = {
			isa = PBXGroup;
			children = (
				5BA1F60A15112DA7002CA7F3 /* iStreet.app */,
			);
			name = Products;
			sourceTree = "<group>";
		};
		5BA1F60D15112DA7002CA7F3 /* Frameworks */ = {
			isa = PBXGroup;
			children = (
				5BA1F60E15112DA7002CA7F3 /* UIKit.framework */,
				5BA1F61015112DA7002CA7F3 /* Foundation.framework */,
				5BA1F61215112DA7002CA7F3 /* CoreGraphics.framework */,
			);
			name = Frameworks;
			sourceTree = "<group>";
		};
		5BA1F61415112DA7002CA7F3 /* iStreet */ = {
			isa = PBXGroup;
			children = (
				5BA1F61D15112DA7002CA7F3 /* AppDelegate.h */,
				5BA1F61E15112DA7002CA7F3 /* AppDelegate.m */,
				5BA1F62015112DA7002CA7F3 /* MainStoryboard_iPhone.storyboard */,
				5BCE63B21516610C008E6C1F /* TabBarController.h */,
				9D34B7751524F0BD00DB6C13 /* AnimatedUIPickerView.h */,
				9D34B7761524F0BD00DB6C13 /* AnimatedUIPickerView.m */,
				5BCE63B31516610C008E6C1F /* TabBarController.m */,
				5BA1F62615112DA7002CA7F3 /* HomeViewController.h */,
				5BA1F62715112DA7002CA7F3 /* HomeViewController.m */,
				5BCE63AF15165E5D008E6C1F /* FriendsViewController.h */,
				5BCE63B015165E5D008E6C1F /* FriendsViewController.m */,
				5BCE63AC15165D83008E6C1F /* MapViewController.h */,
				5BCE63AD15165D83008E6C1F /* MapViewController.m */,
				5BCE63A915165A1F008E6C1F /* ChatViewController.h */,
				5BCE63AA15165A1F008E6C1F /* ChatViewController.m */,
				5BA1F62915112DA7002CA7F3 /* first.png */,
				5BA1F62B15112DA7002CA7F3 /* first@2x.png */,
				5BA1F62D15112DA7002CA7F3 /* ClubsViewController.h */,
				4138658B152D1508007A2327 /* ClubsViewController.m */,
				41386591152D15EB007A2327 /* LoginViewController.h */,
				41386592152D15EB007A2327 /* LoginViewController.m */,
				41386593152D15EB007A2327 /* LoginViewController.xib */,
				5BA1F63015112DA7002CA7F3 /* second.png */,
				5BA1F63215112DA7002CA7F3 /* second@2x.png */,
				5BA1F61515112DA7002CA7F3 /* Supporting Files */,
			);
			path = iStreet;
			sourceTree = "<group>";
		};
		5BA1F61515112DA7002CA7F3 /* Supporting Files */ = {
			isa = PBXGroup;
			children = (
				9D34B7731524D5D000DB6C13 /* calendar.png */,
				9D34B76F1524D55600DB6C13 /* Settings icon.png */,
				9DC2F351151E3D9B0028F911 /* Princeton Crest 2.png */,
				9DB903D6151BC6F500A13461 /* Event Buttons */,
				5BA1F61615112DA7002CA7F3 /* iStreet-Info.plist */,
				9DB903DB151BC93700A13461 /* Icon Images */,
				5BA1F61715112DA7002CA7F3 /* InfoPlist.strings */,
				41386588152D1502007A2327 /* main.m */,
				5BA1F61C15112DA7002CA7F3 /* iStreet-Prefix.pch */,
			);
			name = "Supporting Files";
			sourceTree = "<group>";
		};
		9DB903D6151BC6F500A13461 /* Event Buttons */ = {
			isa = PBXGroup;
			children = (
				9DC2F354151E3F3A0028F911 /* circle.png */,
				9DB903C0151BC6A900A13461 /* Cannon.png */,
				9DB903C1151BC6A900A13461 /* Cap&Gown.png */,
				9DB903C2151BC6A900A13461 /* Charter.png */,
				9DB903C3151BC6A900A13461 /* Colonial.png */,
				9DB903C4151BC6A900A13461 /* Cottage.png */,
				9DB903C5151BC6A900A13461 /* Ivy.png */,
				9DB903C6151BC6A900A13461 /* Quad.png */,
				9DB903C7151BC6A900A13461 /* T.I..png */,
				9DB903C8151BC6A900A13461 /* Terrace.png */,
				9DB903C9151BC6A900A13461 /* Tower.png */,
				9DB903BF151BC6A900A13461 /* Campus.png */,
			);
			name = "Event Buttons";
			sourceTree = "<group>";
		};
		9DB903DB151BC93700A13461 /* Icon Images */ = {
			isa = PBXGroup;
			children = (
				9DC2F36A151E5D630028F911 /* Home icon.png */,
				9DC2F368151E5D130028F911 /* Events icon 4.png */,
				9DC2F364151E5AC60028F911 /* Chat icon 3.png */,
				9DC2F35E151E57CB0028F911 /* List icon 2.png */,
				9DC2F359151E52EB0028F911 /* Friend icon.png */,
				9DC2F35A151E52EB0028F911 /* List icon.png */,
			);
			name = "Icon Images";
			sourceTree = "<group>";
		};
/* End PBXGroup section */

/* Begin PBXNativeTarget section */
		5BA1F60915112DA7002CA7F3 /* iStreet */ = {
			isa = PBXNativeTarget;
			buildConfigurationList = 5BA1F63615112DA7002CA7F3 /* Build configuration list for PBXNativeTarget "iStreet" */;
			buildPhases = (
				5BA1F60615112DA7002CA7F3 /* Sources */,
				5BA1F60715112DA7002CA7F3 /* Frameworks */,
				5BA1F60815112DA7002CA7F3 /* Resources */,
			);
			buildRules = (
			);
			dependencies = (
			);
			name = iStreet;
			productName = iStreet;
			productReference = 5BA1F60A15112DA7002CA7F3 /* iStreet.app */;
			productType = "com.apple.product-type.application";
		};
/* End PBXNativeTarget section */

/* Begin PBXProject section */
		5BA1F60115112DA7002CA7F3 /* Project object */ = {
			isa = PBXProject;
			attributes = {
				LastUpgradeCheck = 0430;
			};
			buildConfigurationList = 5BA1F60415112DA7002CA7F3 /* Build configuration list for PBXProject "iStreet" */;
			compatibilityVersion = "Xcode 3.2";
			developmentRegion = English;
			hasScannedForEncodings = 0;
			knownRegions = (
				en,
			);
			mainGroup = 5BA1F5FF15112DA7002CA7F3;
			productRefGroup = 5BA1F60B15112DA7002CA7F3 /* Products */;
			projectDirPath = "";
			projectRoot = "";
			targets = (
				5BA1F60915112DA7002CA7F3 /* iStreet */,
			);
		};
/* End PBXProject section */

/* Begin PBXResourcesBuildPhase section */
		5BA1F60815112DA7002CA7F3 /* Resources */ = {
			isa = PBXResourcesBuildPhase;
			buildActionMask = 2147483647;
			files = (
				5BA1F61915112DA7002CA7F3 /* InfoPlist.strings in Resources */,
				5BA1F62215112DA7002CA7F3 /* MainStoryboard_iPhone.storyboard in Resources */,
				5BA1F62A15112DA7002CA7F3 /* first.png in Resources */,
				5BA1F62C15112DA7002CA7F3 /* first@2x.png in Resources */,
				5BA1F63115112DA7002CA7F3 /* second.png in Resources */,
				5BA1F63315112DA7002CA7F3 /* second@2x.png in Resources */,
				9DB903CA151BC6A900A13461 /* Campus.png in Resources */,
				9DB903CB151BC6A900A13461 /* Cannon.png in Resources */,
				9DB903CC151BC6A900A13461 /* Cap&Gown.png in Resources */,
				9DB903CD151BC6A900A13461 /* Charter.png in Resources */,
				9DB903CE151BC6A900A13461 /* Colonial.png in Resources */,
				9DB903CF151BC6A900A13461 /* Cottage.png in Resources */,
				9DB903D0151BC6A900A13461 /* Ivy.png in Resources */,
				9DB903D1151BC6A900A13461 /* Quad.png in Resources */,
				9DB903D2151BC6A900A13461 /* T.I..png in Resources */,
				9DB903D3151BC6A900A13461 /* Terrace.png in Resources */,
				9DB903D4151BC6A900A13461 /* Tower.png in Resources */,
				9DC2F352151E3D9B0028F911 /* Princeton Crest 2.png in Resources */,
				9DC2F355151E3F3A0028F911 /* circle.png in Resources */,
				9DC2F35C151E52EB0028F911 /* Friend icon.png in Resources */,
				9DC2F35D151E52EB0028F911 /* List icon.png in Resources */,
				9DC2F35F151E57CB0028F911 /* List icon 2.png in Resources */,
				9DC2F365151E5AC60028F911 /* Chat icon 3.png in Resources */,
				9DC2F369151E5D130028F911 /* Events icon 4.png in Resources */,
				9DC2F36B151E5D630028F911 /* Home icon.png in Resources */,
				41386595152D15EB007A2327 /* LoginViewController.xib in Resources */,
			);
			runOnlyForDeploymentPostprocessing = 0;
		};
/* End PBXResourcesBuildPhase section */

/* Begin PBXSourcesBuildPhase section */
		5BA1F60615112DA7002CA7F3 /* Sources */ = {
			isa = PBXSourcesBuildPhase;
			buildActionMask = 2147483647;
			files = (
				41386586152D1502007A2327 /* main.m in Sources */,
				5BA1F61F15112DA7002CA7F3 /* AppDelegate.m in Sources */,
				5BA1F62815112DA7002CA7F3 /* HomeViewController.m in Sources */,
				41386589152D1508007A2327 /* ClubsViewController.m in Sources */,
				5BCE63AB15165A1F008E6C1F /* ChatViewController.m in Sources */,
				5BCE63AE15165D83008E6C1F /* MapViewController.m in Sources */,
				5BCE63B115165E5D008E6C1F /* FriendsViewController.m in Sources */,
				5BCE63B41516610C008E6C1F /* TabBarController.m in Sources */,
				41386594152D15EB007A2327 /* LoginViewController.m in Sources */,
			);
			runOnlyForDeploymentPostprocessing = 0;
		};
/* End PBXSourcesBuildPhase section */

/* Begin PBXVariantGroup section */
		41386588152D1502007A2327 /* main.m */ = {
			isa = PBXVariantGroup;
			children = (
				41386587152D1502007A2327 /* en */,
			);
			name = main.m;
			sourceTree = "<group>";
		};
		4138658B152D1508007A2327 /* ClubsViewController.m */ = {
			isa = PBXVariantGroup;
			children = (
				4138658A152D1508007A2327 /* en */,
			);
			name = ClubsViewController.m;
			sourceTree = "<group>";
		};
		5BA1F61715112DA7002CA7F3 /* InfoPlist.strings */ = {
			isa = PBXVariantGroup;
			children = (
				5BA1F61815112DA7002CA7F3 /* en */,
			);
			name = InfoPlist.strings;
			sourceTree = "<group>";
		};
		5BA1F62015112DA7002CA7F3 /* MainStoryboard_iPhone.storyboard */ = {
			isa = PBXVariantGroup;
			children = (
				5BA1F62115112DA7002CA7F3 /* en */,
			);
			name = MainStoryboard_iPhone.storyboard;
			sourceTree = "<group>";
		};
/* End PBXVariantGroup section */

/* Begin XCBuildConfiguration section */
		5BA1F63415112DA7002CA7F3 /* Debug */ = {
			isa = XCBuildConfiguration;
			buildSettings = {
				ALWAYS_SEARCH_USER_PATHS = NO;
				ARCHS = "$(ARCHS_STANDARD_32_BIT)";
				CLANG_ENABLE_OBJC_ARC = YES;
				"CODE_SIGN_IDENTITY[sdk=iphoneos*]" = "iPhone Developer";
				COPY_PHASE_STRIP = NO;
				GCC_C_LANGUAGE_STANDARD = gnu99;
				GCC_DYNAMIC_NO_PIC = NO;
				GCC_OPTIMIZATION_LEVEL = 0;
				GCC_PREPROCESSOR_DEFINITIONS = (
					"DEBUG=1",
					"$(inherited)",
				);
				GCC_SYMBOLS_PRIVATE_EXTERN = NO;
				GCC_VERSION = com.apple.compilers.llvm.clang.1_0;
				GCC_WARN_ABOUT_RETURN_TYPE = YES;
				GCC_WARN_UNINITIALIZED_AUTOS = YES;
				GCC_WARN_UNUSED_VARIABLE = YES;
				IPHONEOS_DEPLOYMENT_TARGET = 5.1;
				SDKROOT = iphoneos;
				TARGETED_DEVICE_FAMILY = "1,2";
			};
			name = Debug;
		};
		5BA1F63515112DA7002CA7F3 /* Release */ = {
			isa = XCBuildConfiguration;
			buildSettings = {
				ALWAYS_SEARCH_USER_PATHS = NO;
				ARCHS = "$(ARCHS_STANDARD_32_BIT)";
				CLANG_ENABLE_OBJC_ARC = YES;
				"CODE_SIGN_IDENTITY[sdk=iphoneos*]" = "iPhone Developer";
				COPY_PHASE_STRIP = YES;
				GCC_C_LANGUAGE_STANDARD = gnu99;
				GCC_VERSION = com.apple.compilers.llvm.clang.1_0;
				GCC_WARN_ABOUT_RETURN_TYPE = YES;
				GCC_WARN_UNINITIALIZED_AUTOS = YES;
				GCC_WARN_UNUSED_VARIABLE = YES;
				IPHONEOS_DEPLOYMENT_TARGET = 5.1;
				OTHER_CFLAGS = "-DNS_BLOCK_ASSERTIONS=1";
				SDKROOT = iphoneos;
				TARGETED_DEVICE_FAMILY = "1,2";
				VALIDATE_PRODUCT = YES;
			};
			name = Release;
		};
		5BA1F63715112DA7002CA7F3 /* Debug */ = {
			isa = XCBuildConfiguration;
			buildSettings = {
				GCC_PRECOMPILE_PREFIX_HEADER = YES;
				GCC_PREFIX_HEADER = "iStreet/iStreet-Prefix.pch";
				INFOPLIST_FILE = "iStreet/iStreet-Info.plist";
				IPHONEOS_DEPLOYMENT_TARGET = 5.1;
				PRODUCT_NAME = "$(TARGET_NAME)";
				TARGETED_DEVICE_FAMILY = 1;
				WRAPPER_EXTENSION = app;
			};
			name = Debug;
		};
		5BA1F63815112DA7002CA7F3 /* Release */ = {
			isa = XCBuildConfiguration;
			buildSettings = {
				GCC_PRECOMPILE_PREFIX_HEADER = YES;
				GCC_PREFIX_HEADER = "iStreet/iStreet-Prefix.pch";
				INFOPLIST_FILE = "iStreet/iStreet-Info.plist";
				IPHONEOS_DEPLOYMENT_TARGET = 5.1;
				PRODUCT_NAME = "$(TARGET_NAME)";
				TARGETED_DEVICE_FAMILY = 1;
				WRAPPER_EXTENSION = app;
			};
			name = Release;
		};
/* End XCBuildConfiguration section */

/* Begin XCConfigurationList section */
		5BA1F60415112DA7002CA7F3 /* Build configuration list for PBXProject "iStreet" */ = {
			isa = XCConfigurationList;
			buildConfigurations = (
				5BA1F63415112DA7002CA7F3 /* Debug */,
				5BA1F63515112DA7002CA7F3 /* Release */,
			);
			defaultConfigurationIsVisible = 0;
			defaultConfigurationName = Release;
		};
		5BA1F63615112DA7002CA7F3 /* Build configuration list for PBXNativeTarget "iStreet" */ = {
			isa = XCConfigurationList;
			buildConfigurations = (
				5BA1F63715112DA7002CA7F3 /* Debug */,
				5BA1F63815112DA7002CA7F3 /* Release */,
			);
			defaultConfigurationIsVisible = 0;
			defaultConfigurationName = Release;
		};
/* End XCConfigurationList section */
	};
	rootObject = 5BA1F60115112DA7002CA7F3 /* Project object */;
}
